
Microsoft Visual Studio Solution File, Format Version 12.00
# Visual Studio 15
VisualStudioVersion = 15.0.26430.6
MinimumVisualStudioVersion = 10.0.40219.1
Project("{FAE04EC0-301F-11D3-BF4B-00C04F79EFBC}") = "01.SortEvenNumbers", "01.SortEvenNumbers\01.SortEvenNumbers.csproj", "{6A7F1F67-2617-480C-97E5-55605EDE5069}"
EndProject
Project("{FAE04EC0-301F-11D3-BF4B-00C04F79EFBC}") = "02.SumNumbers", "02.SumNumbers\02.SumNumbers.csproj", "{0DDD0A77-D708-41C0-9ACD-6A8D88315A2C}"
EndProject
Project("{FAE04EC0-301F-11D3-BF4B-00C04F79EFBC}") = "03.CountUppercaseWords", "03.CountUppercaseWords\03.CountUppercaseWords.csproj", "{A889927F-F03D-4A55-A3FE-0636D6EE6601}"
EndProject
Project("{FAE04EC0-301F-11D3-BF4B-00C04F79EFBC}") = "04.AddVAT", "04.AddVAT\04.AddVAT.csproj", "{BB2548F5-100C-4FED-AA78-24B48CA71145}"
EndProject
Project("{FAE04EC0-301F-11D3-BF4B-00C04F79EFBC}") = "05.FilterByAge", "05.FilterByAge\05.FilterByAge.csproj", "{33DE47E5-81D6-49A5-8928-84A8D087B0EC}"
EndProject
Global
	GlobalSection(SolutionConfigurationPlatforms) = preSolution
		Debug|Any CPU = Debug|Any CPU
		Release|Any CPU = Release|Any CPU
	EndGlobalSection
	GlobalSection(ProjectConfigurationPlatforms) = postSolution
		{6A7F1F67-2617-480C-97E5-55605EDE5069}.Debug|Any CPU.ActiveCfg = Debug|Any CPU
		{6A7F1F67-2617-480C-97E5-55605EDE5069}.Debug|Any CPU.Build.0 = Debug|Any CPU
		{6A7F1F67-2617-480C-97E5-55605EDE5069}.Release|Any CPU.ActiveCfg = Release|Any CPU
		{6A7F1F67-2617-480C-97E5-55605EDE5069}.Release|Any CPU.Build.0 = Release|Any CPU
		{0DDD0A77-D708-41C0-9ACD-6A8D88315A2C}.Debug|Any CPU.ActiveCfg = Debug|Any CPU
		{0DDD0A77-D708-41C0-9ACD-6A8D88315A2C}.Debug|Any CPU.Build.0 = Debug|Any CPU
		{0DDD0A77-D708-41C0-9ACD-6A8D88315A2C}.Release|Any CPU.ActiveCfg = Release|Any CPU
		{0DDD0A77-D708-41C0-9ACD-6A8D88315A2C}.Release|Any CPU.Build.0 = Release|Any CPU
		{A889927F-F03D-4A55-A3FE-0636D6EE6601}.Debug|Any CPU.ActiveCfg = Debug|Any CPU
		{A889927F-F03D-4A55-A3FE-0636D6EE6601}.Debug|Any CPU.Build.0 = Debug|Any CPU
		{A889927F-F03D-4A55-A3FE-0636D6EE6601}.Release|Any CPU.ActiveCfg = Release|Any CPU
		{A889927F-F03D-4A55-A3FE-0636D6EE6601}.Release|Any CPU.Build.0 = Release|Any CPU
		{BB2548F5-100C-4FED-AA78-24B48CA71145}.Debug|Any CPU.ActiveCfg = Debug|Any CPU
		{BB2548F5-100C-4FED-AA78-24B48CA71145}.Debug|Any CPU.Build.0 = Debug|Any CPU
		{BB2548F5-100C-4FED-AA78-24B48CA71145}.Release|Any CPU.ActiveCfg = Release|Any CPU
		{BB2548F5-100C-4FED-AA78-24B48CA71145}.Release|Any CPU.Build.0 = Release|Any CPU
		{33DE47E5-81D6-49A5-8928-84A8D087B0EC}.Debug|Any CPU.ActiveCfg = Debug|Any CPU
		{33DE47E5-81D6-49A5-8928-84A8D087B0EC}.Debug|Any CPU.Build.0 = Debug|Any CPU
		{33DE47E5-81D6-49A5-8928-84A8D087B0EC}.Release|Any CPU.ActiveCfg = Release|Any CPU
		{33DE47E5-81D6-49A5-8928-84A8D087B0EC}.Release|Any CPU.Build.0 = Release|Any CPU
	EndGlobalSection
	GlobalSection(SolutionProperties) = preSolution
		HideSolutionNode = FALSE
	EndGlobalSection
EndGlobal
