
Microsoft Visual Studio Solution File, Format Version 12.00
# Visual Studio 15
VisualStudioVersion = 15.0.26430.6
MinimumVisualStudioVersion = 10.0.40219.1
Project("{FAE04EC0-301F-11D3-BF4B-00C04F79EFBC}") = "01.SumMatrixElements", "01.SumMatrixElements\01.SumMatrixElements.csproj", "{5771D6F8-BCA8-459A-BC73-334EAC116799}"
EndProject
Project("{FAE04EC0-301F-11D3-BF4B-00C04F79EFBC}") = "02.BiggestSumOf2x2Matrix", "02.BiggestSumOf2x2Matrix\02.BiggestSumOf2x2Matrix.csproj", "{10DDEA50-E2EF-429D-BA6C-D875C8634A08}"
EndProject
Project("{FAE04EC0-301F-11D3-BF4B-00C04F79EFBC}") = "03.GroupNumbers", "03.GroupNumbers\03.GroupNumbers.csproj", "{0CA8886A-F1E0-47EB-A3F7-CBE5A8B65752}"
EndProject
Global
	GlobalSection(SolutionConfigurationPlatforms) = preSolution
		Debug|Any CPU = Debug|Any CPU
		Release|Any CPU = Release|Any CPU
	EndGlobalSection
	GlobalSection(ProjectConfigurationPlatforms) = postSolution
		{5771D6F8-BCA8-459A-BC73-334EAC116799}.Debug|Any CPU.ActiveCfg = Debug|Any CPU
		{5771D6F8-BCA8-459A-BC73-334EAC116799}.Debug|Any CPU.Build.0 = Debug|Any CPU
		{5771D6F8-BCA8-459A-BC73-334EAC116799}.Release|Any CPU.ActiveCfg = Release|Any CPU
		{5771D6F8-BCA8-459A-BC73-334EAC116799}.Release|Any CPU.Build.0 = Release|Any CPU
		{10DDEA50-E2EF-429D-BA6C-D875C8634A08}.Debug|Any CPU.ActiveCfg = Debug|Any CPU
		{10DDEA50-E2EF-429D-BA6C-D875C8634A08}.Debug|Any CPU.Build.0 = Debug|Any CPU
		{10DDEA50-E2EF-429D-BA6C-D875C8634A08}.Release|Any CPU.ActiveCfg = Release|Any CPU
		{10DDEA50-E2EF-429D-BA6C-D875C8634A08}.Release|Any CPU.Build.0 = Release|Any CPU
		{0CA8886A-F1E0-47EB-A3F7-CBE5A8B65752}.Debug|Any CPU.ActiveCfg = Debug|Any CPU
		{0CA8886A-F1E0-47EB-A3F7-CBE5A8B65752}.Debug|Any CPU.Build.0 = Debug|Any CPU
		{0CA8886A-F1E0-47EB-A3F7-CBE5A8B65752}.Release|Any CPU.ActiveCfg = Release|Any CPU
		{0CA8886A-F1E0-47EB-A3F7-CBE5A8B65752}.Release|Any CPU.Build.0 = Release|Any CPU
	EndGlobalSection
	GlobalSection(SolutionProperties) = preSolution
		HideSolutionNode = FALSE
	EndGlobalSection
EndGlobal
