
Microsoft Visual Studio Solution File, Format Version 12.00
# Visual Studio 15
VisualStudioVersion = 15.0.26430.6
MinimumVisualStudioVersion = 10.0.40219.1
Project("{FAE04EC0-301F-11D3-BF4B-00C04F79EFBC}") = "01.ParkingLot", "01.ParkingLot\01.ParkingLot.csproj", "{D8791195-63D6-49FF-80EE-C7DAE6B5639C}"
EndProject
Project("{FAE04EC0-301F-11D3-BF4B-00C04F79EFBC}") = "02.SoftUniParty", "02.SoftUniParty\02.SoftUniParty.csproj", "{F9EC718A-0D45-41FF-A370-D979100C07C9}"
EndProject
Project("{FAE04EC0-301F-11D3-BF4B-00C04F79EFBC}") = "03.CountSameValues", "03.CountSameValues\03.CountSameValues.csproj", "{7F534748-FBF9-494C-853E-AE46AD2C8F49}"
EndProject
Project("{FAE04EC0-301F-11D3-BF4B-00C04F79EFBC}") = "04.AcademyGraduation", "04.AcademyGraduation\04.AcademyGraduation.csproj", "{AA427A79-57C0-4C14-9CD8-A37FEC092669}"
EndProject
Global
	GlobalSection(SolutionConfigurationPlatforms) = preSolution
		Debug|Any CPU = Debug|Any CPU
		Release|Any CPU = Release|Any CPU
	EndGlobalSection
	GlobalSection(ProjectConfigurationPlatforms) = postSolution
		{D8791195-63D6-49FF-80EE-C7DAE6B5639C}.Debug|Any CPU.ActiveCfg = Debug|Any CPU
		{D8791195-63D6-49FF-80EE-C7DAE6B5639C}.Debug|Any CPU.Build.0 = Debug|Any CPU
		{D8791195-63D6-49FF-80EE-C7DAE6B5639C}.Release|Any CPU.ActiveCfg = Release|Any CPU
		{D8791195-63D6-49FF-80EE-C7DAE6B5639C}.Release|Any CPU.Build.0 = Release|Any CPU
		{F9EC718A-0D45-41FF-A370-D979100C07C9}.Debug|Any CPU.ActiveCfg = Debug|Any CPU
		{F9EC718A-0D45-41FF-A370-D979100C07C9}.Debug|Any CPU.Build.0 = Debug|Any CPU
		{F9EC718A-0D45-41FF-A370-D979100C07C9}.Release|Any CPU.ActiveCfg = Release|Any CPU
		{F9EC718A-0D45-41FF-A370-D979100C07C9}.Release|Any CPU.Build.0 = Release|Any CPU
		{7F534748-FBF9-494C-853E-AE46AD2C8F49}.Debug|Any CPU.ActiveCfg = Debug|Any CPU
		{7F534748-FBF9-494C-853E-AE46AD2C8F49}.Debug|Any CPU.Build.0 = Debug|Any CPU
		{7F534748-FBF9-494C-853E-AE46AD2C8F49}.Release|Any CPU.ActiveCfg = Release|Any CPU
		{7F534748-FBF9-494C-853E-AE46AD2C8F49}.Release|Any CPU.Build.0 = Release|Any CPU
		{AA427A79-57C0-4C14-9CD8-A37FEC092669}.Debug|Any CPU.ActiveCfg = Debug|Any CPU
		{AA427A79-57C0-4C14-9CD8-A37FEC092669}.Debug|Any CPU.Build.0 = Debug|Any CPU
		{AA427A79-57C0-4C14-9CD8-A37FEC092669}.Release|Any CPU.ActiveCfg = Release|Any CPU
		{AA427A79-57C0-4C14-9CD8-A37FEC092669}.Release|Any CPU.Build.0 = Release|Any CPU
	EndGlobalSection
	GlobalSection(SolutionProperties) = preSolution
		HideSolutionNode = FALSE
	EndGlobalSection
EndGlobal
