
Microsoft Visual Studio Solution File, Format Version 12.00
# Visual Studio 15
VisualStudioVersion = 15.0.26430.6
MinimumVisualStudioVersion = 10.0.40219.1
Project("{FAE04EC0-301F-11D3-BF4B-00C04F79EFBC}") = "01.MatchFullName", "01.MatchFullName\01.MatchFullName.csproj", "{CD0A1B83-43FB-4E4F-98D0-263ADB6E7A48}"
EndProject
Project("{FAE04EC0-301F-11D3-BF4B-00C04F79EFBC}") = "02.MatchPhoneNumber", "02.MatchPhoneNumber\02.MatchPhoneNumber.csproj", "{A7A6FB9A-9C36-42FA-8E67-387390BC9973}"
EndProject
Project("{FAE04EC0-301F-11D3-BF4B-00C04F79EFBC}") = "03.SeriesOfLetters", "03.SeriesOfLetters\03.SeriesOfLetters.csproj", "{59E19412-7956-4938-B14C-3A24CA541A90}"
EndProject
Project("{FAE04EC0-301F-11D3-BF4B-00C04F79EFBC}") = "04.ReplaceTag", "04.ReplaceTag\04.ReplaceTag.csproj", "{380EA207-D064-463E-A6BF-25D0ABCC0D02}"
EndProject
Project("{FAE04EC0-301F-11D3-BF4B-00C04F79EFBC}") = "05.ExtractEmails", "05.ExtractEmails\05.ExtractEmails.csproj", "{55693B24-150C-4A6B-BAB2-E1015CDA055A}"
EndProject
Project("{FAE04EC0-301F-11D3-BF4B-00C04F79EFBC}") = "06.SentenceExtractor", "06.SentenceExtractor\06.SentenceExtractor.csproj", "{35AA4902-CAC9-4B05-ACD7-DA4DC45EBD55}"
EndProject
Project("{FAE04EC0-301F-11D3-BF4B-00C04F79EFBC}") = "07.ValidUsernames", "07.ValidUsernames\07.ValidUsernames.csproj", "{1C1F72FA-A390-4BD9-9072-8D81FD6ACE27}"
EndProject
Project("{FAE04EC0-301F-11D3-BF4B-00C04F79EFBC}") = "09.QueryMess", "09.QueryMess\09.QueryMess.csproj", "{22FA84A4-4851-4DFB-9FF4-CE51FCFC17C7}"
EndProject
Project("{FAE04EC0-301F-11D3-BF4B-00C04F79EFBC}") = "10.UseYourChainsBuddy", "10.UseYourChainsBuddy\10.UseYourChainsBuddy.csproj", "{227D6EE9-1D85-4B45-8354-467BE0EA88BD}"
EndProject
Project("{FAE04EC0-301F-11D3-BF4B-00C04F79EFBC}") = "08.ExtractHyperlinks", "08.ExtractHyperlinks\08.ExtractHyperlinks.csproj", "{C08CB078-F4CE-465A-808E-B8F4B73AE89A}"
EndProject
Project("{FAE04EC0-301F-11D3-BF4B-00C04F79EFBC}") = "11.SemanticHTML", "11.SemanticHTML\11.SemanticHTML.csproj", "{0232E013-D739-4C50-A6B7-7CD5D00470B1}"
EndProject
Global
	GlobalSection(SolutionConfigurationPlatforms) = preSolution
		Debug|Any CPU = Debug|Any CPU
		Release|Any CPU = Release|Any CPU
	EndGlobalSection
	GlobalSection(ProjectConfigurationPlatforms) = postSolution
		{CD0A1B83-43FB-4E4F-98D0-263ADB6E7A48}.Debug|Any CPU.ActiveCfg = Debug|Any CPU
		{CD0A1B83-43FB-4E4F-98D0-263ADB6E7A48}.Debug|Any CPU.Build.0 = Debug|Any CPU
		{CD0A1B83-43FB-4E4F-98D0-263ADB6E7A48}.Release|Any CPU.ActiveCfg = Release|Any CPU
		{CD0A1B83-43FB-4E4F-98D0-263ADB6E7A48}.Release|Any CPU.Build.0 = Release|Any CPU
		{A7A6FB9A-9C36-42FA-8E67-387390BC9973}.Debug|Any CPU.ActiveCfg = Debug|Any CPU
		{A7A6FB9A-9C36-42FA-8E67-387390BC9973}.Debug|Any CPU.Build.0 = Debug|Any CPU
		{A7A6FB9A-9C36-42FA-8E67-387390BC9973}.Release|Any CPU.ActiveCfg = Release|Any CPU
		{A7A6FB9A-9C36-42FA-8E67-387390BC9973}.Release|Any CPU.Build.0 = Release|Any CPU
		{59E19412-7956-4938-B14C-3A24CA541A90}.Debug|Any CPU.ActiveCfg = Debug|Any CPU
		{59E19412-7956-4938-B14C-3A24CA541A90}.Debug|Any CPU.Build.0 = Debug|Any CPU
		{59E19412-7956-4938-B14C-3A24CA541A90}.Release|Any CPU.ActiveCfg = Release|Any CPU
		{59E19412-7956-4938-B14C-3A24CA541A90}.Release|Any CPU.Build.0 = Release|Any CPU
		{380EA207-D064-463E-A6BF-25D0ABCC0D02}.Debug|Any CPU.ActiveCfg = Debug|Any CPU
		{380EA207-D064-463E-A6BF-25D0ABCC0D02}.Debug|Any CPU.Build.0 = Debug|Any CPU
		{380EA207-D064-463E-A6BF-25D0ABCC0D02}.Release|Any CPU.ActiveCfg = Release|Any CPU
		{380EA207-D064-463E-A6BF-25D0ABCC0D02}.Release|Any CPU.Build.0 = Release|Any CPU
		{55693B24-150C-4A6B-BAB2-E1015CDA055A}.Debug|Any CPU.ActiveCfg = Debug|Any CPU
		{55693B24-150C-4A6B-BAB2-E1015CDA055A}.Debug|Any CPU.Build.0 = Debug|Any CPU
		{55693B24-150C-4A6B-BAB2-E1015CDA055A}.Release|Any CPU.ActiveCfg = Release|Any CPU
		{55693B24-150C-4A6B-BAB2-E1015CDA055A}.Release|Any CPU.Build.0 = Release|Any CPU
		{35AA4902-CAC9-4B05-ACD7-DA4DC45EBD55}.Debug|Any CPU.ActiveCfg = Debug|Any CPU
		{35AA4902-CAC9-4B05-ACD7-DA4DC45EBD55}.Debug|Any CPU.Build.0 = Debug|Any CPU
		{35AA4902-CAC9-4B05-ACD7-DA4DC45EBD55}.Release|Any CPU.ActiveCfg = Release|Any CPU
		{35AA4902-CAC9-4B05-ACD7-DA4DC45EBD55}.Release|Any CPU.Build.0 = Release|Any CPU
		{1C1F72FA-A390-4BD9-9072-8D81FD6ACE27}.Debug|Any CPU.ActiveCfg = Debug|Any CPU
		{1C1F72FA-A390-4BD9-9072-8D81FD6ACE27}.Debug|Any CPU.Build.0 = Debug|Any CPU
		{1C1F72FA-A390-4BD9-9072-8D81FD6ACE27}.Release|Any CPU.ActiveCfg = Release|Any CPU
		{1C1F72FA-A390-4BD9-9072-8D81FD6ACE27}.Release|Any CPU.Build.0 = Release|Any CPU
		{22FA84A4-4851-4DFB-9FF4-CE51FCFC17C7}.Debug|Any CPU.ActiveCfg = Debug|Any CPU
		{22FA84A4-4851-4DFB-9FF4-CE51FCFC17C7}.Debug|Any CPU.Build.0 = Debug|Any CPU
		{22FA84A4-4851-4DFB-9FF4-CE51FCFC17C7}.Release|Any CPU.ActiveCfg = Release|Any CPU
		{22FA84A4-4851-4DFB-9FF4-CE51FCFC17C7}.Release|Any CPU.Build.0 = Release|Any CPU
		{227D6EE9-1D85-4B45-8354-467BE0EA88BD}.Debug|Any CPU.ActiveCfg = Debug|Any CPU
		{227D6EE9-1D85-4B45-8354-467BE0EA88BD}.Debug|Any CPU.Build.0 = Debug|Any CPU
		{227D6EE9-1D85-4B45-8354-467BE0EA88BD}.Release|Any CPU.ActiveCfg = Release|Any CPU
		{227D6EE9-1D85-4B45-8354-467BE0EA88BD}.Release|Any CPU.Build.0 = Release|Any CPU
		{C08CB078-F4CE-465A-808E-B8F4B73AE89A}.Debug|Any CPU.ActiveCfg = Debug|Any CPU
		{C08CB078-F4CE-465A-808E-B8F4B73AE89A}.Debug|Any CPU.Build.0 = Debug|Any CPU
		{C08CB078-F4CE-465A-808E-B8F4B73AE89A}.Release|Any CPU.ActiveCfg = Release|Any CPU
		{C08CB078-F4CE-465A-808E-B8F4B73AE89A}.Release|Any CPU.Build.0 = Release|Any CPU
		{0232E013-D739-4C50-A6B7-7CD5D00470B1}.Debug|Any CPU.ActiveCfg = Debug|Any CPU
		{0232E013-D739-4C50-A6B7-7CD5D00470B1}.Debug|Any CPU.Build.0 = Debug|Any CPU
		{0232E013-D739-4C50-A6B7-7CD5D00470B1}.Release|Any CPU.ActiveCfg = Release|Any CPU
		{0232E013-D739-4C50-A6B7-7CD5D00470B1}.Release|Any CPU.Build.0 = Release|Any CPU
	EndGlobalSection
	GlobalSection(SolutionProperties) = preSolution
		HideSolutionNode = FALSE
	EndGlobalSection
EndGlobal
