
Microsoft Visual Studio Solution File, Format Version 12.00
# Visual Studio 15
VisualStudioVersion = 15.0.26430.6
MinimumVisualStudioVersion = 10.0.40219.1
Project("{FAE04EC0-301F-11D3-BF4B-00C04F79EFBC}") = "01.ReverseNumbers", "01.ReverseNumbers\01.ReverseNumbers.csproj", "{B11BA15B-E5BE-4318-AF87-958C5C83F5DB}"
EndProject
Project("{FAE04EC0-301F-11D3-BF4B-00C04F79EFBC}") = "02.BasicStackOperations", "02.BasicStackOperations\02.BasicStackOperations.csproj", "{E54AEDD7-B225-4931-8B12-FD29DC04A360}"
EndProject
Project("{FAE04EC0-301F-11D3-BF4B-00C04F79EFBC}") = "03.MaximumElement", "03.MaximumElement\03.MaximumElement.csproj", "{18E8EB59-73E3-4040-88B0-7BD8BCB75AEA}"
EndProject
Project("{FAE04EC0-301F-11D3-BF4B-00C04F79EFBC}") = "04.BasicQueueOperations", "04.BasicQueueOperations\04.BasicQueueOperations.csproj", "{D22C06B2-AF33-4CF1-A123-F5BAD130E031}"
EndProject
Project("{FAE04EC0-301F-11D3-BF4B-00C04F79EFBC}") = "05.SequenceWithQueue", "05.SequenceWithQueue\05.SequenceWithQueue.csproj", "{75EC5949-0A3F-4DB5-81EC-2C33EDDB1C89}"
EndProject
Project("{FAE04EC0-301F-11D3-BF4B-00C04F79EFBC}") = "06.TruckTour", "06.TruckTour\06.TruckTour.csproj", "{546CAB72-001F-42BF-9924-1C2BF35D8D01}"
EndProject
Project("{FAE04EC0-301F-11D3-BF4B-00C04F79EFBC}") = "07.BalancedParenthesis", "07.BalancedParenthesis\07.BalancedParenthesis.csproj", "{26B7B309-D27A-4D70-BDD1-F223149D06E3}"
EndProject
Project("{FAE04EC0-301F-11D3-BF4B-00C04F79EFBC}") = "08.RecursiveFibonacci", "08.RecursiveFibonacci\08.RecursiveFibonacci.csproj", "{114DB922-5863-40F4-B11F-F858D4DBD203}"
EndProject
Project("{FAE04EC0-301F-11D3-BF4B-00C04F79EFBC}") = "09.StackFibonacci", "09.StackFibonacci\09.StackFibonacci.csproj", "{F94DC011-C1D6-4793-9DD4-61FBF84E430A}"
EndProject
Project("{FAE04EC0-301F-11D3-BF4B-00C04F79EFBC}") = "10.SimpleTextEditor", "10.SimpleTextEditor\10.SimpleTextEditor.csproj", "{9726632C-7D0F-4C76-97E3-5EE0BB3D384B}"
EndProject
Project("{FAE04EC0-301F-11D3-BF4B-00C04F79EFBC}") = "11.PoisonousPlants", "11.PoisonousPlants\11.PoisonousPlants.csproj", "{DF3E79C9-6BC7-4049-A9B7-1F365D92C2C3}"
EndProject
Global
	GlobalSection(SolutionConfigurationPlatforms) = preSolution
		Debug|Any CPU = Debug|Any CPU
		Release|Any CPU = Release|Any CPU
	EndGlobalSection
	GlobalSection(ProjectConfigurationPlatforms) = postSolution
		{B11BA15B-E5BE-4318-AF87-958C5C83F5DB}.Debug|Any CPU.ActiveCfg = Debug|Any CPU
		{B11BA15B-E5BE-4318-AF87-958C5C83F5DB}.Debug|Any CPU.Build.0 = Debug|Any CPU
		{B11BA15B-E5BE-4318-AF87-958C5C83F5DB}.Release|Any CPU.ActiveCfg = Release|Any CPU
		{B11BA15B-E5BE-4318-AF87-958C5C83F5DB}.Release|Any CPU.Build.0 = Release|Any CPU
		{E54AEDD7-B225-4931-8B12-FD29DC04A360}.Debug|Any CPU.ActiveCfg = Debug|Any CPU
		{E54AEDD7-B225-4931-8B12-FD29DC04A360}.Debug|Any CPU.Build.0 = Debug|Any CPU
		{E54AEDD7-B225-4931-8B12-FD29DC04A360}.Release|Any CPU.ActiveCfg = Release|Any CPU
		{E54AEDD7-B225-4931-8B12-FD29DC04A360}.Release|Any CPU.Build.0 = Release|Any CPU
		{18E8EB59-73E3-4040-88B0-7BD8BCB75AEA}.Debug|Any CPU.ActiveCfg = Debug|Any CPU
		{18E8EB59-73E3-4040-88B0-7BD8BCB75AEA}.Debug|Any CPU.Build.0 = Debug|Any CPU
		{18E8EB59-73E3-4040-88B0-7BD8BCB75AEA}.Release|Any CPU.ActiveCfg = Release|Any CPU
		{18E8EB59-73E3-4040-88B0-7BD8BCB75AEA}.Release|Any CPU.Build.0 = Release|Any CPU
		{D22C06B2-AF33-4CF1-A123-F5BAD130E031}.Debug|Any CPU.ActiveCfg = Debug|Any CPU
		{D22C06B2-AF33-4CF1-A123-F5BAD130E031}.Debug|Any CPU.Build.0 = Debug|Any CPU
		{D22C06B2-AF33-4CF1-A123-F5BAD130E031}.Release|Any CPU.ActiveCfg = Release|Any CPU
		{D22C06B2-AF33-4CF1-A123-F5BAD130E031}.Release|Any CPU.Build.0 = Release|Any CPU
		{75EC5949-0A3F-4DB5-81EC-2C33EDDB1C89}.Debug|Any CPU.ActiveCfg = Debug|Any CPU
		{75EC5949-0A3F-4DB5-81EC-2C33EDDB1C89}.Debug|Any CPU.Build.0 = Debug|Any CPU
		{75EC5949-0A3F-4DB5-81EC-2C33EDDB1C89}.Release|Any CPU.ActiveCfg = Release|Any CPU
		{75EC5949-0A3F-4DB5-81EC-2C33EDDB1C89}.Release|Any CPU.Build.0 = Release|Any CPU
		{546CAB72-001F-42BF-9924-1C2BF35D8D01}.Debug|Any CPU.ActiveCfg = Debug|Any CPU
		{546CAB72-001F-42BF-9924-1C2BF35D8D01}.Debug|Any CPU.Build.0 = Debug|Any CPU
		{546CAB72-001F-42BF-9924-1C2BF35D8D01}.Release|Any CPU.ActiveCfg = Release|Any CPU
		{546CAB72-001F-42BF-9924-1C2BF35D8D01}.Release|Any CPU.Build.0 = Release|Any CPU
		{26B7B309-D27A-4D70-BDD1-F223149D06E3}.Debug|Any CPU.ActiveCfg = Debug|Any CPU
		{26B7B309-D27A-4D70-BDD1-F223149D06E3}.Debug|Any CPU.Build.0 = Debug|Any CPU
		{26B7B309-D27A-4D70-BDD1-F223149D06E3}.Release|Any CPU.ActiveCfg = Release|Any CPU
		{26B7B309-D27A-4D70-BDD1-F223149D06E3}.Release|Any CPU.Build.0 = Release|Any CPU
		{114DB922-5863-40F4-B11F-F858D4DBD203}.Debug|Any CPU.ActiveCfg = Debug|Any CPU
		{114DB922-5863-40F4-B11F-F858D4DBD203}.Debug|Any CPU.Build.0 = Debug|Any CPU
		{114DB922-5863-40F4-B11F-F858D4DBD203}.Release|Any CPU.ActiveCfg = Release|Any CPU
		{114DB922-5863-40F4-B11F-F858D4DBD203}.Release|Any CPU.Build.0 = Release|Any CPU
		{F94DC011-C1D6-4793-9DD4-61FBF84E430A}.Debug|Any CPU.ActiveCfg = Debug|Any CPU
		{F94DC011-C1D6-4793-9DD4-61FBF84E430A}.Debug|Any CPU.Build.0 = Debug|Any CPU
		{F94DC011-C1D6-4793-9DD4-61FBF84E430A}.Release|Any CPU.ActiveCfg = Release|Any CPU
		{F94DC011-C1D6-4793-9DD4-61FBF84E430A}.Release|Any CPU.Build.0 = Release|Any CPU
		{9726632C-7D0F-4C76-97E3-5EE0BB3D384B}.Debug|Any CPU.ActiveCfg = Debug|Any CPU
		{9726632C-7D0F-4C76-97E3-5EE0BB3D384B}.Debug|Any CPU.Build.0 = Debug|Any CPU
		{9726632C-7D0F-4C76-97E3-5EE0BB3D384B}.Release|Any CPU.ActiveCfg = Release|Any CPU
		{9726632C-7D0F-4C76-97E3-5EE0BB3D384B}.Release|Any CPU.Build.0 = Release|Any CPU
		{DF3E79C9-6BC7-4049-A9B7-1F365D92C2C3}.Debug|Any CPU.ActiveCfg = Debug|Any CPU
		{DF3E79C9-6BC7-4049-A9B7-1F365D92C2C3}.Debug|Any CPU.Build.0 = Debug|Any CPU
		{DF3E79C9-6BC7-4049-A9B7-1F365D92C2C3}.Release|Any CPU.ActiveCfg = Release|Any CPU
		{DF3E79C9-6BC7-4049-A9B7-1F365D92C2C3}.Release|Any CPU.Build.0 = Release|Any CPU
	EndGlobalSection
	GlobalSection(SolutionProperties) = preSolution
		HideSolutionNode = FALSE
	EndGlobalSection
EndGlobal
